
Microsoft Visual Studio Solution File, Format Version 12.00
# Visual Studio Version 17
VisualStudioVersion = 17.1.32421.90
MinimumVisualStudioVersion = 10.0.40219.1
Project("{F184B08F-C81C-45F6-A57F-5ABD9991F28F}") = "Cat Browser", "Cat Browser.vbproj", "{B84BA5FB-9E58-4922-8539-02C8C1E8785C}"
EndProject
Global
	GlobalSection(SolutionConfigurationPlatforms) = preSolution
		Debug|Any CPU = Debug|Any CPU
		Release|Any CPU = Release|Any CPU
	EndGlobalSection
	GlobalSection(ProjectConfigurationPlatforms) = postSolution
		{B84BA5FB-9E58-4922-8539-02C8C1E8785C}.Debug|Any CPU.ActiveCfg = Debug|Any CPU
		{B84BA5FB-9E58-4922-8539-02C8C1E8785C}.Debug|Any CPU.Build.0 = Debug|Any CPU
		{B84BA5FB-9E58-4922-8539-02C8C1E8785C}.Release|Any CPU.ActiveCfg = Release|Any CPU
		{B84BA5FB-9E58-4922-8539-02C8C1E8785C}.Release|Any CPU.Build.0 = Release|Any CPU
	EndGlobalSection
	GlobalSection(SolutionProperties) = preSolution
		HideSolutionNode = FALSE
	EndGlobalSection
	GlobalSection(ExtensibilityGlobals) = postSolution
		SolutionGuid = {22FE8981-4FF8-4CAC-AF2B-9D5EF88BE874}
	EndGlobalSection
EndGlobal
